
Microsoft Visual Studio Solution File, Format Version 12.00
# Visual Studio Version 18
VisualStudioVersion = 18.0.11222.15
MinimumVisualStudioVersion = 10.0.40219.1
Project("{FAE04EC0-301F-11D3-BF4B-00C04F79EFBC}") = "SagePKM platform", "SagePKM platform\SagePKM platform.csproj", "{375C1747-D271-4C5C-97B7-B07CD4E93FB1}"
EndProject
Project("{FAE04EC0-301F-11D3-BF4B-00C04F79EFBC}") = "SagePKM TestingGrounds", "SagePKM TestingGrounds\SagePKM TestingGrounds.csproj", "{97ED616F-CB02-430E-9E8F-F54CBB8F0476}"
EndProject
Global
	GlobalSection(SolutionConfigurationPlatforms) = preSolution
		Debug|Any CPU = Debug|Any CPU
		Release|Any CPU = Release|Any CPU
	EndGlobalSection
	GlobalSection(ProjectConfigurationPlatforms) = postSolution
		{375C1747-D271-4C5C-97B7-B07CD4E93FB1}.Debug|Any CPU.ActiveCfg = Debug|Any CPU
		{375C1747-D271-4C5C-97B7-B07CD4E93FB1}.Debug|Any CPU.Build.0 = Debug|Any CPU
		{375C1747-D271-4C5C-97B7-B07CD4E93FB1}.Release|Any CPU.ActiveCfg = Release|Any CPU
		{375C1747-D271-4C5C-97B7-B07CD4E93FB1}.Release|Any CPU.Build.0 = Release|Any CPU
		{97ED616F-CB02-430E-9E8F-F54CBB8F0476}.Debug|Any CPU.ActiveCfg = Debug|Any CPU
		{97ED616F-CB02-430E-9E8F-F54CBB8F0476}.Debug|Any CPU.Build.0 = Debug|Any CPU
		{97ED616F-CB02-430E-9E8F-F54CBB8F0476}.Release|Any CPU.ActiveCfg = Release|Any CPU
		{97ED616F-CB02-430E-9E8F-F54CBB8F0476}.Release|Any CPU.Build.0 = Release|Any CPU
	EndGlobalSection
	GlobalSection(SolutionProperties) = preSolution
		HideSolutionNode = FALSE
	EndGlobalSection
	GlobalSection(ExtensibilityGlobals) = postSolution
		SolutionGuid = {53157C6F-263C-4527-82E4-FCCB43B5F254}
	EndGlobalSection
EndGlobal
